
Microsoft Visual Studio Solution File, Format Version 12.00
# Visual Studio Version 16
VisualStudioVersion = 16.0.32228.343
MinimumVisualStudioVersion = 10.0.40219.1
Project("{FAE04EC0-301F-11D3-BF4B-00C04F79EFBC}") = "TI_III2", "TI_III2\TI_III2.csproj", "{C897FAAD-632D-470C-8F05-373002D04010}"
EndProject
Global
	GlobalSection(SolutionConfigurationPlatforms) = preSolution
		Debug|Any CPU = Debug|Any CPU
		Release|Any CPU = Release|Any CPU
	EndGlobalSection
	GlobalSection(ProjectConfigurationPlatforms) = postSolution
		{C897FAAD-632D-470C-8F05-373002D04010}.Debug|Any CPU.ActiveCfg = Debug|Any CPU
		{C897FAAD-632D-470C-8F05-373002D04010}.Debug|Any CPU.Build.0 = Debug|Any CPU
		{C897FAAD-632D-470C-8F05-373002D04010}.Release|Any CPU.ActiveCfg = Release|Any CPU
		{C897FAAD-632D-470C-8F05-373002D04010}.Release|Any CPU.Build.0 = Release|Any CPU
	EndGlobalSection
	GlobalSection(SolutionProperties) = preSolution
		HideSolutionNode = FALSE
	EndGlobalSection
	GlobalSection(ExtensibilityGlobals) = postSolution
		SolutionGuid = {3FD2CF2E-21FC-4FD3-8325-48110B51E67D}
	EndGlobalSection
EndGlobal
